
Microsoft Visual Studio Solution File, Format Version 12.00
# Visual Studio Version 16
VisualStudioVersion = 16.0.30011.22
MinimumVisualStudioVersion = 10.0.40219.1
Project("{FAE04EC0-301F-11D3-BF4B-00C04F79EFBC}") = "FileManager", "FileManager\FileManager.csproj", "{3D1B4E5E-75E6-445A-9A6A-4CB1C9401B47}"
	ProjectSection(ProjectDependencies) = postProject
		{B1745213-67A6-45C8-A1ED-FA63C4137B3C} = {B1745213-67A6-45C8-A1ED-FA63C4137B3C}
	EndProjectSection
EndProject
Project("{FAE04EC0-301F-11D3-BF4B-00C04F79EFBC}") = "MainFunctional", "MainFunctional\MainFunctional.csproj", "{B1745213-67A6-45C8-A1ED-FA63C4137B3C}"
EndProject
Global
	GlobalSection(SolutionConfigurationPlatforms) = preSolution
		Debug|Any CPU = Debug|Any CPU
		Release|Any CPU = Release|Any CPU
	EndGlobalSection
	GlobalSection(ProjectConfigurationPlatforms) = postSolution
		{3D1B4E5E-75E6-445A-9A6A-4CB1C9401B47}.Debug|Any CPU.ActiveCfg = Debug|Any CPU
		{3D1B4E5E-75E6-445A-9A6A-4CB1C9401B47}.Debug|Any CPU.Build.0 = Debug|Any CPU
		{3D1B4E5E-75E6-445A-9A6A-4CB1C9401B47}.Release|Any CPU.ActiveCfg = Debug|Any CPU
		{3D1B4E5E-75E6-445A-9A6A-4CB1C9401B47}.Release|Any CPU.Build.0 = Debug|Any CPU
		{B1745213-67A6-45C8-A1ED-FA63C4137B3C}.Debug|Any CPU.ActiveCfg = Debug|Any CPU
		{B1745213-67A6-45C8-A1ED-FA63C4137B3C}.Debug|Any CPU.Build.0 = Debug|Any CPU
		{B1745213-67A6-45C8-A1ED-FA63C4137B3C}.Release|Any CPU.ActiveCfg = Debug|Any CPU
		{B1745213-67A6-45C8-A1ED-FA63C4137B3C}.Release|Any CPU.Build.0 = Debug|Any CPU
	EndGlobalSection
	GlobalSection(SolutionProperties) = preSolution
		HideSolutionNode = FALSE
	EndGlobalSection
	GlobalSection(ExtensibilityGlobals) = postSolution
		SolutionGuid = {B4201E27-D796-4005-8CFB-C037F7F06A1D}
	EndGlobalSection
EndGlobal
